
Microsoft Visual Studio Solution File, Format Version 12.00
# Visual Studio Version 17
VisualStudioVersion = 17.8.34525.116
MinimumVisualStudioVersion = 10.0.40219.1
Project("{FAE04EC0-301F-11D3-BF4B-00C04F79EFBC}") = "WebApp1ByKrisha", "WebApp1ByKrisha.csproj", "{D5B72F92-7E44-498E-AF42-CE24E2799731}"
EndProject
Global
	GlobalSection(SolutionConfigurationPlatforms) = preSolution
		Debug|Any CPU = Debug|Any CPU
		Release|Any CPU = Release|Any CPU
	EndGlobalSection
	GlobalSection(ProjectConfigurationPlatforms) = postSolution
		{D5B72F92-7E44-498E-AF42-CE24E2799731}.Debug|Any CPU.ActiveCfg = Debug|Any CPU
		{D5B72F92-7E44-498E-AF42-CE24E2799731}.Debug|Any CPU.Build.0 = Debug|Any CPU
		{D5B72F92-7E44-498E-AF42-CE24E2799731}.Release|Any CPU.ActiveCfg = Release|Any CPU
		{D5B72F92-7E44-498E-AF42-CE24E2799731}.Release|Any CPU.Build.0 = Release|Any CPU
	EndGlobalSection
	GlobalSection(SolutionProperties) = preSolution
		HideSolutionNode = FALSE
	EndGlobalSection
	GlobalSection(ExtensibilityGlobals) = postSolution
		SolutionGuid = {68DC9E68-B0F9-4326-BFA1-A1E3CAEDC8E3}
	EndGlobalSection
EndGlobal
