
Microsoft Visual Studio Solution File, Format Version 12.00
# Visual Studio Version 17
VisualStudioVersion = 17.8.34525.116
MinimumVisualStudioVersion = 10.0.40219.1
Project("{FAE04EC0-301F-11D3-BF4B-00C04F79EFBC}") = "WebApp2ByKrisha", "WebApp2ByKrisha.csproj", "{09340670-2FAE-4FC3-8AB4-57B66F026B59}"
EndProject
Global
	GlobalSection(SolutionConfigurationPlatforms) = preSolution
		Debug|Any CPU = Debug|Any CPU
		Release|Any CPU = Release|Any CPU
	EndGlobalSection
	GlobalSection(ProjectConfigurationPlatforms) = postSolution
		{09340670-2FAE-4FC3-8AB4-57B66F026B59}.Debug|Any CPU.ActiveCfg = Debug|Any CPU
		{09340670-2FAE-4FC3-8AB4-57B66F026B59}.Debug|Any CPU.Build.0 = Debug|Any CPU
		{09340670-2FAE-4FC3-8AB4-57B66F026B59}.Release|Any CPU.ActiveCfg = Release|Any CPU
		{09340670-2FAE-4FC3-8AB4-57B66F026B59}.Release|Any CPU.Build.0 = Release|Any CPU
	EndGlobalSection
	GlobalSection(SolutionProperties) = preSolution
		HideSolutionNode = FALSE
	EndGlobalSection
	GlobalSection(ExtensibilityGlobals) = postSolution
		SolutionGuid = {94FCD48E-2629-456E-B470-0298A2870DAC}
	EndGlobalSection
EndGlobal
