
Microsoft Visual Studio Solution File, Format Version 12.00
# Visual Studio Version 17
VisualStudioVersion = 17.9.34723.18
MinimumVisualStudioVersion = 10.0.40219.1
Project("{FAE04EC0-301F-11D3-BF4B-00C04F79EFBC}") = "WebApp5byKrisha", "WebApp5byKrisha.csproj", "{F72550FE-F02C-4578-9964-DC4FA9F4342B}"
EndProject
Global
	GlobalSection(SolutionConfigurationPlatforms) = preSolution
		Debug|Any CPU = Debug|Any CPU
		Release|Any CPU = Release|Any CPU
	EndGlobalSection
	GlobalSection(ProjectConfigurationPlatforms) = postSolution
		{F72550FE-F02C-4578-9964-DC4FA9F4342B}.Debug|Any CPU.ActiveCfg = Debug|Any CPU
		{F72550FE-F02C-4578-9964-DC4FA9F4342B}.Debug|Any CPU.Build.0 = Debug|Any CPU
		{F72550FE-F02C-4578-9964-DC4FA9F4342B}.Release|Any CPU.ActiveCfg = Release|Any CPU
		{F72550FE-F02C-4578-9964-DC4FA9F4342B}.Release|Any CPU.Build.0 = Release|Any CPU
	EndGlobalSection
	GlobalSection(SolutionProperties) = preSolution
		HideSolutionNode = FALSE
	EndGlobalSection
	GlobalSection(ExtensibilityGlobals) = postSolution
		SolutionGuid = {3E2EB4FA-4E7B-418F-AC33-679D63A42056}
	EndGlobalSection
EndGlobal
